# @generated by Move, please check-in and do not edit manually.

[move]
version = 3
manifest_digest = "8367F827A5C4FC3245881432D5B5F7D9455DDF2B6725951E4EB6610811A888EE"
deps_digest = "F8BBB0CCB2491CA29A3DF03D6F92277A4F3574266507ACD77214D37ECA3F3082"
dependencies = [
  { name = "Iota" },
]

[[move.package]]
name = "Iota"
source = { git = "https://github.com/iotaledger/iota.git", rev = "framework/testnet", subdir = "crates/iota-framework/packages/iota-framework" }

dependencies = [
  { name = "MoveStdlib" },
]

[[move.package]]
name = "MoveStdlib"
source = { git = "https://github.com/iotaledger/iota.git", rev = "framework/testnet", subdir = "crates/iota-framework/packages/move-stdlib" }

[move.toolchain-version]
compiler-version = "0.7.2-rc"
edition = "2024.beta"
flavor = "iota"

[env]

[env.testnet]
chain-id = "2304aa97"
original-published-id = "0x3e97836f37f8b545d6108cb9abf155ff872c08aff8d59805f061ea5cd5805109"
latest-published-id = "0x3f5d72f7540593b2d04007797d62435297a168bf146743fbf387edecdf238a83"
published-version = "2"
