# @generated by Move, please check-in and do not edit manually.

[move]
version = 3
manifest_digest = "DCDEBA9FE24508CE6F75420EB1477E819574C96F250D9FE25142439BA54BADE3"
deps_digest = "F8BBB0CCB2491CA29A3DF03D6F92277A4F3574266507ACD77214D37ECA3F3082"
dependencies = [
  { id = "Sui", name = "Sui" },
]

[[move.package]]
id = "MoveStdlib"
source = { git = "https://github.com/MystenLabs/sui.git", rev = "framework/testnet", subdir = "crates/sui-framework/packages/move-stdlib" }

[[move.package]]
id = "Sui"
source = { git = "https://github.com/MystenLabs/sui.git", rev = "framework/testnet", subdir = "crates/sui-framework/packages/sui-framework" }

dependencies = [
  { id = "MoveStdlib", name = "MoveStdlib" },
]

[move.toolchain-version]
compiler-version = "1.36.2"
edition = "2024.beta"
flavor = "sui"

[env]

[env.testnet]
chain-id = "4c78adac"
original-published-id = "0xf2d0c7bdbeca586e86b1d4340209dbd6674cdda4f757a2aeac6e5208fe190434"
latest-published-id = "0xf2d0c7bdbeca586e86b1d4340209dbd6674cdda4f757a2aeac6e5208fe190434"
published-version = "1"
